
Microsoft Visual Studio Solution File, Format Version 12.00
# Visual Studio Version 17
VisualStudioVersion = 17.12.35506.116
MinimumVisualStudioVersion = 10.0.40219.1
Project("{FAE04EC0-301F-11D3-BF4B-00C04F79EFBC}") = "Presentation", "Presentation\Presentation.csproj", "{B975534C-174D-404A-9DAA-85EA9A1AABF0}"
EndProject
Project("{FAE04EC0-301F-11D3-BF4B-00C04F79EFBC}") = "Business", "Business\Business.csproj", "{5F9CBD7B-2A5D-4833-8D3E-144ED39436FE}"
EndProject
Project("{FAE04EC0-301F-11D3-BF4B-00C04F79EFBC}") = "Data", "Data\Data.csproj", "{8F886E5C-9E83-4883-8774-FCCC96261CA4}"
EndProject
Global
	GlobalSection(SolutionConfigurationPlatforms) = preSolution
		Debug|Any CPU = Debug|Any CPU
		Release|Any CPU = Release|Any CPU
	EndGlobalSection
	GlobalSection(ProjectConfigurationPlatforms) = postSolution
		{B975534C-174D-404A-9DAA-85EA9A1AABF0}.Debug|Any CPU.ActiveCfg = Debug|Any CPU
		{B975534C-174D-404A-9DAA-85EA9A1AABF0}.Debug|Any CPU.Build.0 = Debug|Any CPU
		{B975534C-174D-404A-9DAA-85EA9A1AABF0}.Release|Any CPU.ActiveCfg = Release|Any CPU
		{B975534C-174D-404A-9DAA-85EA9A1AABF0}.Release|Any CPU.Build.0 = Release|Any CPU
		{5F9CBD7B-2A5D-4833-8D3E-144ED39436FE}.Debug|Any CPU.ActiveCfg = Debug|Any CPU
		{5F9CBD7B-2A5D-4833-8D3E-144ED39436FE}.Debug|Any CPU.Build.0 = Debug|Any CPU
		{5F9CBD7B-2A5D-4833-8D3E-144ED39436FE}.Release|Any CPU.ActiveCfg = Release|Any CPU
		{5F9CBD7B-2A5D-4833-8D3E-144ED39436FE}.Release|Any CPU.Build.0 = Release|Any CPU
		{8F886E5C-9E83-4883-8774-FCCC96261CA4}.Debug|Any CPU.ActiveCfg = Debug|Any CPU
		{8F886E5C-9E83-4883-8774-FCCC96261CA4}.Debug|Any CPU.Build.0 = Debug|Any CPU
		{8F886E5C-9E83-4883-8774-FCCC96261CA4}.Release|Any CPU.ActiveCfg = Release|Any CPU
		{8F886E5C-9E83-4883-8774-FCCC96261CA4}.Release|Any CPU.Build.0 = Release|Any CPU
	EndGlobalSection
	GlobalSection(SolutionProperties) = preSolution
		HideSolutionNode = FALSE
	EndGlobalSection
EndGlobal
